
Microsoft Visual Studio Solution File, Format Version 12.00
# Visual Studio Version 16
VisualStudioVersion = 16.0.32929.386
MinimumVisualStudioVersion = 10.0.40219.1
Project("{FAE04EC0-301F-11D3-BF4B-00C04F79EFBC}") = "Facade", "Facade\Facade.csproj", "{ED6E47A2-B81B-4E11-927F-893EF2466F86}"
EndProject
Global
	GlobalSection(SolutionConfigurationPlatforms) = preSolution
		Debug|Any CPU = Debug|Any CPU
		Release|Any CPU = Release|Any CPU
	EndGlobalSection
	GlobalSection(ProjectConfigurationPlatforms) = postSolution
		{ED6E47A2-B81B-4E11-927F-893EF2466F86}.Debug|Any CPU.ActiveCfg = Debug|Any CPU
		{ED6E47A2-B81B-4E11-927F-893EF2466F86}.Debug|Any CPU.Build.0 = Debug|Any CPU
		{ED6E47A2-B81B-4E11-927F-893EF2466F86}.Release|Any CPU.ActiveCfg = Release|Any CPU
		{ED6E47A2-B81B-4E11-927F-893EF2466F86}.Release|Any CPU.Build.0 = Release|Any CPU
	EndGlobalSection
	GlobalSection(SolutionProperties) = preSolution
		HideSolutionNode = FALSE
	EndGlobalSection
	GlobalSection(ExtensibilityGlobals) = postSolution
		SolutionGuid = {12AFC3EC-D8FA-4579-B7F6-1EA24B17DDB6}
	EndGlobalSection
EndGlobal
